// !$*UTF8*$!
{
	archiveVersion = 1;
	classes = {
	};
	objectVersion = 63;
	objects = {

/* Begin PBXBuildFile section */
		131FD15ED775E73314F3E6A8 /* SignalingClient.swift in Sources */ = {isa = PBXBuildFile; fileRef = "TEMP_832F670A-C68A-4816-A343-CAB4E4E747CF" /* SignalingClient.swift */; };
		19DCAC17892E15F41BD00090 /* SmartSpectraSwiftSDK in Frameworks */ = {isa = PBXBuildFile; productRef = 52D88B10B7A7E30062959FA2 /* SmartSpectraSwiftSDK */; };
		27580F30EF8AD9D3346CBCB8 /* AudioTap.swift in Sources */ = {isa = PBXBuildFile; fileRef = "TEMP_8DAE9A13-4D29-481C-90F0-969C525BD972" /* AudioTap.swift */; };
		58FDFC9C9B71D20DA7D32983 /* Visual911App.swift in Sources */ = {isa = PBXBuildFile; fileRef = "TEMP_C052B6E9-A4ED-4A9E-9563-B62CBE05E525" /* Visual911App.swift */; };
		5A9337C32F4ABA69008AAF38 /* Secrets.swift in Sources */ = {isa = PBXBuildFile; fileRef = 5A9337C22F4ABA69008AAF38 /* Secrets.swift */; };
		5ACE72E32F4ABE0200A56ED4 /* EKGLogoView.swift in Sources */ = {isa = PBXBuildFile; fileRef = 5ACE72E22F4ABE0200A56ED4 /* EKGLogoView.swift */; };
		5ACE72E62F4B3F7C00A56ED4 /* AlertsClient.swift in Sources */ = {isa = PBXBuildFile; fileRef = 5ACE72E52F4B3F7C00A56ED4 /* AlertsClient.swift */; };
		635B432EA7F331995A4F2B5D /* TURNCredentials.swift in Sources */ = {isa = PBXBuildFile; fileRef = "TEMP_943FA7E8-2F3E-4777-8F64-51FA2F5417B4" /* TURNCredentials.swift */; };
		7176C3A4574567FB84F8E017 /* ContentView.swift in Sources */ = {isa = PBXBuildFile; fileRef = "TEMP_78D8DA44-70BB-4F87-9814-46D39600C3EF" /* ContentView.swift */; };
		894BE5AF0C827FEEC44CC8A9 /* PresageManager.swift in Sources */ = {isa = PBXBuildFile; fileRef = "TEMP_A1B2DEAF-3A10-47B0-BFE5-5FC8F90945FA" /* PresageManager.swift */; };
		9F49FD3CCB6867C45EFC434D /* Config.swift in Sources */ = {isa = PBXBuildFile; fileRef = "TEMP_9AD25E12-4E51-494F-8656-CA7384142D36" /* Config.swift */; };
		A7418FFAB74AE1AA5B06346B /* ScanningView.swift in Sources */ = {isa = PBXBuildFile; fileRef = 37B366630D4640B88F6E132A /* ScanningView.swift */; };
		B3A1F2CD8E5047AC9D123456 /* InitiatingView.swift in Sources */ = {isa = PBXBuildFile; fileRef = B3A1F2CD8E5047AC9D654321 /* InitiatingView.swift */; };
		C4D5E6F7A8B9C0D1E2F30001 /* RTCLocalVideoView.swift in Sources */ = {isa = PBXBuildFile; fileRef = C4D5E6F7A8B9C0D1E2F30002 /* RTCLocalVideoView.swift */; };
		C861ADD9F12F0EC629E7D3A4 /* IdleView.swift in Sources */ = {isa = PBXBuildFile; fileRef = 91E9A66716FB05EB0F78CE63 /* IdleView.swift */; };
		D908BA8EC36FBD68FDABD115 /* WebRTCManager.swift in Sources */ = {isa = PBXBuildFile; fileRef = "TEMP_3D7FADBC-E462-43D7-928D-263948280CD7" /* WebRTCManager.swift */; };
		DDCAECF4ECAD7CD29E2A50F3 /* WebRTC in Frameworks */ = {isa = PBXBuildFile; productRef = 398379ABCA73A4A7486D5DEE /* WebRTC */; };
		E9468A34BB631D6C05917A54 /* CallManager.swift in Sources */ = {isa = PBXBuildFile; fileRef = "TEMP_C288FAF5-99DF-4F18-807E-0AA912938D94" /* CallManager.swift */; };
		F1D82A176AACE8F03D066FE7 /* VitalsClient.swift in Sources */ = {isa = PBXBuildFile; fileRef = "TEMP_C9F0678C-133A-4C70-8933-A262D156CA03" /* VitalsClient.swift */; };
		F274FC3CC222B535550C460E /* ActiveCallView.swift in Sources */ = {isa = PBXBuildFile; fileRef = 4B22ECEBE45369867144032F /* ActiveCallView.swift */; };
/* End PBXBuildFile section */

/* Begin PBXFileReference section */
		02AFEC396851060C54EC59E3 /* Visual911.app */ = {isa = PBXFileReference; explicitFileType = wrapper.application; includeInIndex = 0; path = Visual911.app; sourceTree = BUILT_PRODUCTS_DIR; };
		37B366630D4640B88F6E132A /* ScanningView.swift */ = {isa = PBXFileReference; lastKnownFileType = sourcecode.swift; path = ScanningView.swift; sourceTree = "<group>"; };
		4B22ECEBE45369867144032F /* ActiveCallView.swift */ = {isa = PBXFileReference; lastKnownFileType = sourcecode.swift; path = ActiveCallView.swift; sourceTree = "<group>"; };
		5A9337C22F4ABA69008AAF38 /* Secrets.swift */ = {isa = PBXFileReference; lastKnownFileType = sourcecode.swift; path = Secrets.swift; sourceTree = "<group>"; };
		5ACE72E22F4ABE0200A56ED4 /* EKGLogoView.swift */ = {isa = PBXFileReference; lastKnownFileType = sourcecode.swift; path = EKGLogoView.swift; sourceTree = "<group>"; };
		5ACE72E52F4B3F7C00A56ED4 /* AlertsClient.swift */ = {isa = PBXFileReference; lastKnownFileType = sourcecode.swift; path = AlertsClient.swift; sourceTree = "<group>"; };
		91E9A66716FB05EB0F78CE63 /* IdleView.swift */ = {isa = PBXFileReference; lastKnownFileType = sourcecode.swift; path = IdleView.swift; sourceTree = "<group>"; };
		B3A1F2CD8E5047AC9D654321 /* InitiatingView.swift */ = {isa = PBXFileReference; lastKnownFileType = sourcecode.swift; path = InitiatingView.swift; sourceTree = "<group>"; };
		C4D5E6F7A8B9C0D1E2F30002 /* RTCLocalVideoView.swift */ = {isa = PBXFileReference; lastKnownFileType = sourcecode.swift; path = RTCLocalVideoView.swift; sourceTree = "<group>"; };
		"TEMP_3D7FADBC-E462-43D7-928D-263948280CD7" /* WebRTCManager.swift */ = {isa = PBXFileReference; lastKnownFileType = sourcecode.swift; path = WebRTCManager.swift; sourceTree = "<group>"; };
		"TEMP_78D8DA44-70BB-4F87-9814-46D39600C3EF" /* ContentView.swift */ = {isa = PBXFileReference; lastKnownFileType = sourcecode.swift; path = ContentView.swift; sourceTree = "<group>"; };
		"TEMP_832F670A-C68A-4816-A343-CAB4E4E747CF" /* SignalingClient.swift */ = {isa = PBXFileReference; lastKnownFileType = sourcecode.swift; path = SignalingClient.swift; sourceTree = "<group>"; };
		"TEMP_8DAE9A13-4D29-481C-90F0-969C525BD972" /* AudioTap.swift */ = {isa = PBXFileReference; lastKnownFileType = sourcecode.swift; path = AudioTap.swift; sourceTree = "<group>"; };
		"TEMP_943FA7E8-2F3E-4777-8F64-51FA2F5417B4" /* TURNCredentials.swift */ = {isa = PBXFileReference; lastKnownFileType = sourcecode.swift; path = TURNCredentials.swift; sourceTree = "<group>"; };
		"TEMP_9AD25E12-4E51-494F-8656-CA7384142D36" /* Config.swift */ = {isa = PBXFileReference; lastKnownFileType = sourcecode.swift; path = Config.swift; sourceTree = "<group>"; };
		"TEMP_A1B2DEAF-3A10-47B0-BFE5-5FC8F90945FA" /* PresageManager.swift */ = {isa = PBXFileReference; lastKnownFileType = sourcecode.swift; path = PresageManager.swift; sourceTree = "<group>"; };
		"TEMP_C052B6E9-A4ED-4A9E-9563-B62CBE05E525" /* Visual911App.swift */ = {isa = PBXFileReference; lastKnownFileType = sourcecode.swift; path = Visual911App.swift; sourceTree = "<group>"; };
		"TEMP_C288FAF5-99DF-4F18-807E-0AA912938D94" /* CallManager.swift */ = {isa = PBXFileReference; lastKnownFileType = sourcecode.swift; path = CallManager.swift; sourceTree = "<group>"; };
		"TEMP_C9F0678C-133A-4C70-8933-A262D156CA03" /* VitalsClient.swift */ = {isa = PBXFileReference; lastKnownFileType = sourcecode.swift; path = VitalsClient.swift; sourceTree = "<group>"; };
/* End PBXFileReference section */

/* Begin PBXFrameworksBuildPhase section */
		7AE3427E9D0CAE411753A454 /* Frameworks */ = {
			isa = PBXFrameworksBuildPhase;
			buildActionMask = 2147483647;
			files = (
				19DCAC17892E15F41BD00090 /* SmartSpectraSwiftSDK in Frameworks */,
				DDCAECF4ECAD7CD29E2A50F3 /* WebRTC in Frameworks */,
			);
			runOnlyForDeploymentPostprocessing = 0;
		};
/* End PBXFrameworksBuildPhase section */

/* Begin PBXGroup section */
		108B700DB484DF9EEDEABF52 /* Products */ = {
			isa = PBXGroup;
			children = (
				02AFEC396851060C54EC59E3 /* Visual911.app */,
			);
			name = Products;
			sourceTree = "<group>";
		};
		5A9337C12F4A6A11008AAF38 /* Recovered References */ = {
			isa = PBXGroup;
			children = (
				"TEMP_8DAE9A13-4D29-481C-90F0-969C525BD972" /* AudioTap.swift */,
				"TEMP_C288FAF5-99DF-4F18-807E-0AA912938D94" /* CallManager.swift */,
				"TEMP_9AD25E12-4E51-494F-8656-CA7384142D36" /* Config.swift */,
				"TEMP_78D8DA44-70BB-4F87-9814-46D39600C3EF" /* ContentView.swift */,
				"TEMP_A1B2DEAF-3A10-47B0-BFE5-5FC8F90945FA" /* PresageManager.swift */,
				"TEMP_832F670A-C68A-4816-A343-CAB4E4E747CF" /* SignalingClient.swift */,
				"TEMP_943FA7E8-2F3E-4777-8F64-51FA2F5417B4" /* TURNCredentials.swift */,
				"TEMP_C052B6E9-A4ED-4A9E-9563-B62CBE05E525" /* Visual911App.swift */,
				"TEMP_C9F0678C-133A-4C70-8933-A262D156CA03" /* VitalsClient.swift */,
				"TEMP_3D7FADBC-E462-43D7-928D-263948280CD7" /* WebRTCManager.swift */,
			);
			name = "Recovered References";
			sourceTree = "<group>";
		};
		97B1065B431B647A206E60F7 = {
			isa = PBXGroup;
			children = (
				5ACE72E52F4B3F7C00A56ED4 /* AlertsClient.swift */,
				5A9337C22F4ABA69008AAF38 /* Secrets.swift */,
				A85E9578C264EFF0F8708FF7 /* Views */,
				108B700DB484DF9EEDEABF52 /* Products */,
				5A9337C12F4A6A11008AAF38 /* Recovered References */,
			);
			sourceTree = "<group>";
		};
		A85E9578C264EFF0F8708FF7 /* Views */ = {
			isa = PBXGroup;
			children = (
				5ACE72E22F4ABE0200A56ED4 /* EKGLogoView.swift */,
				4B22ECEBE45369867144032F /* ActiveCallView.swift */,
				91E9A66716FB05EB0F78CE63 /* IdleView.swift */,
				B3A1F2CD8E5047AC9D654321 /* InitiatingView.swift */,
				C4D5E6F7A8B9C0D1E2F30002 /* RTCLocalVideoView.swift */,
				37B366630D4640B88F6E132A /* ScanningView.swift */,
			);
			path = Views;
			sourceTree = "<group>";
		};
/* End PBXGroup section */

/* Begin PBXNativeTarget section */
		DF68590793C8F7F5F3E46873 /* Visual911 */ = {
			isa = PBXNativeTarget;
			buildConfigurationList = C5B131108915E9210F16A41F /* Build configuration list for PBXNativeTarget "Visual911" */;
			buildPhases = (
				91D7A6B667B46A0AB1E2C3A8 /* Sources */,
				7AE3427E9D0CAE411753A454 /* Frameworks */,
			);
			buildRules = (
			);
			dependencies = (
			);
			name = Visual911;
			packageProductDependencies = (
				52D88B10B7A7E30062959FA2 /* SmartSpectraSwiftSDK */,
				398379ABCA73A4A7486D5DEE /* WebRTC */,
			);
			productName = Visual911;
			productReference = 02AFEC396851060C54EC59E3 /* Visual911.app */;
			productType = "com.apple.product-type.application";
		};
/* End PBXNativeTarget section */

/* Begin PBXProject section */
		10CAFEEB7182C2C10C08CE94 /* Project object */ = {
			isa = PBXProject;
			attributes = {
				BuildIndependentTargetsInParallel = YES;
				LastUpgradeCheck = 1600;
				TargetAttributes = {
					DF68590793C8F7F5F3E46873 = {
						ProvisioningStyle = Automatic;
					};
				};
			};
			buildConfigurationList = 2EAEBD147BD5C1758F8020CA /* Build configuration list for PBXProject "Visual911" */;
			compatibilityVersion = "Xcode 14.0";
			developmentRegion = en;
			hasScannedForEncodings = 0;
			knownRegions = (
				Base,
				en,
			);
			mainGroup = 97B1065B431B647A206E60F7;
			minimizedProjectReferenceProxies = 1;
			packageReferences = (
				06C3F713FE92AD1F69A600FF /* XCRemoteSwiftPackageReference "SmartSpectra" */,
				F4C080976E19EB3A35A0102C /* XCRemoteSwiftPackageReference "WebRTC" */,
			);
			projectDirPath = "";
			projectRoot = "";
			targets = (
				DF68590793C8F7F5F3E46873 /* Visual911 */,
			);
		};
/* End PBXProject section */

/* Begin PBXSourcesBuildPhase section */
		91D7A6B667B46A0AB1E2C3A8 /* Sources */ = {
			isa = PBXSourcesBuildPhase;
			buildActionMask = 2147483647;
			files = (
				F274FC3CC222B535550C460E /* ActiveCallView.swift in Sources */,
				5A9337C32F4ABA69008AAF38 /* Secrets.swift in Sources */,
				B3A1F2CD8E5047AC9D123456 /* InitiatingView.swift in Sources */,
				C4D5E6F7A8B9C0D1E2F30001 /* RTCLocalVideoView.swift in Sources */,
				27580F30EF8AD9D3346CBCB8 /* AudioTap.swift in Sources */,
				E9468A34BB631D6C05917A54 /* CallManager.swift in Sources */,
				9F49FD3CCB6867C45EFC434D /* Config.swift in Sources */,
				7176C3A4574567FB84F8E017 /* ContentView.swift in Sources */,
				5ACE72E32F4ABE0200A56ED4 /* EKGLogoView.swift in Sources */,
				5ACE72E62F4B3F7C00A56ED4 /* AlertsClient.swift in Sources */,
				C861ADD9F12F0EC629E7D3A4 /* IdleView.swift in Sources */,
				894BE5AF0C827FEEC44CC8A9 /* PresageManager.swift in Sources */,
				A7418FFAB74AE1AA5B06346B /* ScanningView.swift in Sources */,
				131FD15ED775E73314F3E6A8 /* SignalingClient.swift in Sources */,
				635B432EA7F331995A4F2B5D /* TURNCredentials.swift in Sources */,
				58FDFC9C9B71D20DA7D32983 /* Visual911App.swift in Sources */,
				F1D82A176AACE8F03D066FE7 /* VitalsClient.swift in Sources */,
				D908BA8EC36FBD68FDABD115 /* WebRTCManager.swift in Sources */,
			);
			runOnlyForDeploymentPostprocessing = 0;
		};
/* End PBXSourcesBuildPhase section */

/* Begin XCBuildConfiguration section */
		040A596373552F47A07B3E60 /* Debug */ = {
			isa = XCBuildConfiguration;
			buildSettings = {
				ASSETCATALOG_COMPILER_APPICON_NAME = AppIcon;
				CODE_SIGN_IDENTITY = "iPhone Developer";
				CODE_SIGN_STYLE = Automatic;
				CURRENT_PROJECT_VERSION = 1;
				DEVELOPMENT_TEAM = MBD2T58JVW;
				INFOPLIST_FILE = Info.plist;
				INFOPLIST_KEY_UIStatusBarStyle = UIStatusBarStyleLightContent;
				INFOPLIST_KEY_UISupportedInterfaceOrientations = UIInterfaceOrientationPortrait;
				LD_RUNPATH_SEARCH_PATHS = (
					"$(inherited)",
					"@executable_path/Frameworks",
				);
				MARKETING_VERSION = 1.0;
				PRODUCT_BUNDLE_IDENTIFIER = com.visual911.app;
				SDKROOT = iphoneos;
				SWIFT_VERSION = 5.9;
				TARGETED_DEVICE_FAMILY = 1;
			};
			name = Debug;
		};
		5DB1A6416764B0C7920887C2 /* Release */ = {
			isa = XCBuildConfiguration;
			buildSettings = {
				ALWAYS_SEARCH_USER_PATHS = NO;
				CLANG_ANALYZER_NONNULL = YES;
				CLANG_ANALYZER_NUMBER_OBJECT_CONVERSION = YES_AGGRESSIVE;
				CLANG_CXX_LANGUAGE_STANDARD = "gnu++14";
				CLANG_CXX_LIBRARY = "libc++";
				CLANG_ENABLE_MODULES = YES;
				CLANG_ENABLE_OBJC_ARC = YES;
				CLANG_ENABLE_OBJC_WEAK = YES;
				CLANG_WARN_BLOCK_CAPTURE_AUTORELEASING = YES;
				CLANG_WARN_BOOL_CONVERSION = YES;
				CLANG_WARN_COMMA = YES;
				CLANG_WARN_CONSTANT_CONVERSION = YES;
				CLANG_WARN_DEPRECATED_OBJC_IMPLEMENTATIONS = YES;
				CLANG_WARN_DIRECT_OBJC_ISA_USAGE = YES_ERROR;
				CLANG_WARN_DOCUMENTATION_COMMENTS = YES;
				CLANG_WARN_EMPTY_BODY = YES;
				CLANG_WARN_ENUM_CONVERSION = YES;
				CLANG_WARN_INFINITE_RECURSION = YES;
				CLANG_WARN_INT_CONVERSION = YES;
				CLANG_WARN_NON_LITERAL_NULL_CONVERSION = YES;
				CLANG_WARN_OBJC_IMPLICIT_RETAIN_SELF = YES;
				CLANG_WARN_OBJC_LITERAL_CONVERSION = YES;
				CLANG_WARN_OBJC_ROOT_CLASS = YES_ERROR;
				CLANG_WARN_QUOTED_INCLUDE_IN_FRAMEWORK_HEADER = YES;
				CLANG_WARN_RANGE_LOOP_ANALYSIS = YES;
				CLANG_WARN_STRICT_PROTOTYPES = YES;
				CLANG_WARN_SUSPICIOUS_MOVE = YES;
				CLANG_WARN_UNGUARDED_AVAILABILITY = YES_AGGRESSIVE;
				CLANG_WARN_UNREACHABLE_CODE = YES;
				CLANG_WARN__DUPLICATE_METHOD_MATCH = YES;
				COPY_PHASE_STRIP = NO;
				DEBUG_INFORMATION_FORMAT = "dwarf-with-dsym";
				ENABLE_NS_ASSERTIONS = NO;
				ENABLE_STRICT_OBJC_MSGSEND = YES;
				GCC_C_LANGUAGE_STANDARD = gnu11;
				GCC_NO_COMMON_BLOCKS = YES;
				GCC_WARN_64_TO_32_BIT_CONVERSION = YES;
				GCC_WARN_ABOUT_RETURN_TYPE = YES_ERROR;
				GCC_WARN_UNDECLARED_SELECTOR = YES;
				GCC_WARN_UNINITIALIZED_AUTOS = YES_AGGRESSIVE;
				GCC_WARN_UNUSED_FUNCTION = YES;
				GCC_WARN_UNUSED_VARIABLE = YES;
				IPHONEOS_DEPLOYMENT_TARGET = 17.0;
				MTL_ENABLE_DEBUG_INFO = NO;
				MTL_FAST_MATH = YES;
				PRODUCT_NAME = "$(TARGET_NAME)";
				SDKROOT = iphoneos;
				SWIFT_COMPILATION_MODE = wholemodule;
				SWIFT_OPTIMIZATION_LEVEL = "-O";
				SWIFT_VERSION = 5.0;
			};
			name = Release;
		};
		7E62FC5C144ECB4D2F3FE85F /* Release */ = {
			isa = XCBuildConfiguration;
			buildSettings = {
				ASSETCATALOG_COMPILER_APPICON_NAME = AppIcon;
				CODE_SIGN_IDENTITY = "iPhone Developer";
				CODE_SIGN_STYLE = Automatic;
				CURRENT_PROJECT_VERSION = 1;
				INFOPLIST_FILE = Info.plist;
				INFOPLIST_KEY_UIStatusBarStyle = UIStatusBarStyleLightContent;
				INFOPLIST_KEY_UISupportedInterfaceOrientations = UIInterfaceOrientationPortrait;
				LD_RUNPATH_SEARCH_PATHS = (
					"$(inherited)",
					"@executable_path/Frameworks",
				);
				MARKETING_VERSION = 1.0;
				PRODUCT_BUNDLE_IDENTIFIER = com.visual911.app;
				SDKROOT = iphoneos;
				SWIFT_VERSION = 5.9;
				TARGETED_DEVICE_FAMILY = 1;
			};
			name = Release;
		};
		D6D785735E1836824FC76880 /* Debug */ = {
			isa = XCBuildConfiguration;
			buildSettings = {
				ALWAYS_SEARCH_USER_PATHS = NO;
				CLANG_ANALYZER_NONNULL = YES;
				CLANG_ANALYZER_NUMBER_OBJECT_CONVERSION = YES_AGGRESSIVE;
				CLANG_CXX_LANGUAGE_STANDARD = "gnu++14";
				CLANG_CXX_LIBRARY = "libc++";
				CLANG_ENABLE_MODULES = YES;
				CLANG_ENABLE_OBJC_ARC = YES;
				CLANG_ENABLE_OBJC_WEAK = YES;
				CLANG_WARN_BLOCK_CAPTURE_AUTORELEASING = YES;
				CLANG_WARN_BOOL_CONVERSION = YES;
				CLANG_WARN_COMMA = YES;
				CLANG_WARN_CONSTANT_CONVERSION = YES;
				CLANG_WARN_DEPRECATED_OBJC_IMPLEMENTATIONS = YES;
				CLANG_WARN_DIRECT_OBJC_ISA_USAGE = YES_ERROR;
				CLANG_WARN_DOCUMENTATION_COMMENTS = YES;
				CLANG_WARN_EMPTY_BODY = YES;
				CLANG_WARN_ENUM_CONVERSION = YES;
				CLANG_WARN_INFINITE_RECURSION = YES;
				CLANG_WARN_INT_CONVERSION = YES;
				CLANG_WARN_NON_LITERAL_NULL_CONVERSION = YES;
				CLANG_WARN_OBJC_IMPLICIT_RETAIN_SELF = YES;
				CLANG_WARN_OBJC_LITERAL_CONVERSION = YES;
				CLANG_WARN_OBJC_ROOT_CLASS = YES_ERROR;
				CLANG_WARN_QUOTED_INCLUDE_IN_FRAMEWORK_HEADER = YES;
				CLANG_WARN_RANGE_LOOP_ANALYSIS = YES;
				CLANG_WARN_STRICT_PROTOTYPES = YES;
				CLANG_WARN_SUSPICIOUS_MOVE = YES;
				CLANG_WARN_UNGUARDED_AVAILABILITY = YES_AGGRESSIVE;
				CLANG_WARN_UNREACHABLE_CODE = YES;
				CLANG_WARN__DUPLICATE_METHOD_MATCH = YES;
				COPY_PHASE_STRIP = NO;
				DEBUG_INFORMATION_FORMAT = dwarf;
				ENABLE_STRICT_OBJC_MSGSEND = YES;
				ENABLE_TESTABILITY = YES;
				GCC_C_LANGUAGE_STANDARD = gnu11;
				GCC_DYNAMIC_NO_PIC = NO;
				GCC_NO_COMMON_BLOCKS = YES;
				GCC_OPTIMIZATION_LEVEL = 0;
				GCC_PREPROCESSOR_DEFINITIONS = (
					"$(inherited)",
					"DEBUG=1",
				);
				GCC_WARN_64_TO_32_BIT_CONVERSION = YES;
				GCC_WARN_ABOUT_RETURN_TYPE = YES_ERROR;
				GCC_WARN_UNDECLARED_SELECTOR = YES;
				GCC_WARN_UNINITIALIZED_AUTOS = YES_AGGRESSIVE;
				GCC_WARN_UNUSED_FUNCTION = YES;
				GCC_WARN_UNUSED_VARIABLE = YES;
				IPHONEOS_DEPLOYMENT_TARGET = 17.0;
				MTL_ENABLE_DEBUG_INFO = INCLUDE_SOURCE;
				MTL_FAST_MATH = YES;
				ONLY_ACTIVE_ARCH = YES;
				PRODUCT_NAME = "$(TARGET_NAME)";
				SDKROOT = iphoneos;
				SWIFT_ACTIVE_COMPILATION_CONDITIONS = DEBUG;
				SWIFT_OPTIMIZATION_LEVEL = "-Onone";
				SWIFT_VERSION = 5.0;
			};
			name = Debug;
		};
/* End XCBuildConfiguration section */

/* Begin XCConfigurationList section */
		2EAEBD147BD5C1758F8020CA /* Build configuration list for PBXProject "Visual911" */ = {
			isa = XCConfigurationList;
			buildConfigurations = (
				D6D785735E1836824FC76880 /* Debug */,
				5DB1A6416764B0C7920887C2 /* Release */,
			);
			defaultConfigurationIsVisible = 0;
			defaultConfigurationName = Debug;
		};
		C5B131108915E9210F16A41F /* Build configuration list for PBXNativeTarget "Visual911" */ = {
			isa = XCConfigurationList;
			buildConfigurations = (
				040A596373552F47A07B3E60 /* Debug */,
				7E62FC5C144ECB4D2F3FE85F /* Release */,
			);
			defaultConfigurationIsVisible = 0;
			defaultConfigurationName = Debug;
		};
/* End XCConfigurationList section */

/* Begin XCRemoteSwiftPackageReference section */
		06C3F713FE92AD1F69A600FF /* XCRemoteSwiftPackageReference "SmartSpectra" */ = {
			isa = XCRemoteSwiftPackageReference;
			repositoryURL = "https://github.com/Presage-Security/SmartSpectra";
			requirement = {
				kind = upToNextMajorVersion;
				minimumVersion = 1.0.0;
			};
		};
		F4C080976E19EB3A35A0102C /* XCRemoteSwiftPackageReference "WebRTC" */ = {
			isa = XCRemoteSwiftPackageReference;
			repositoryURL = "https://github.com/stasel/WebRTC";
			requirement = {
				kind = upToNextMajorVersion;
				minimumVersion = 125.0.0;
			};
		};
/* End XCRemoteSwiftPackageReference section */

/* Begin XCSwiftPackageProductDependency section */
		398379ABCA73A4A7486D5DEE /* WebRTC */ = {
			isa = XCSwiftPackageProductDependency;
			package = F4C080976E19EB3A35A0102C /* XCRemoteSwiftPackageReference "WebRTC" */;
			productName = WebRTC;
		};
		52D88B10B7A7E30062959FA2 /* SmartSpectraSwiftSDK */ = {
			isa = XCSwiftPackageProductDependency;
			package = 06C3F713FE92AD1F69A600FF /* XCRemoteSwiftPackageReference "SmartSpectra" */;
			productName = SmartSpectraSwiftSDK;
		};
/* End XCSwiftPackageProductDependency section */
	};
	rootObject = 10CAFEEB7182C2C10C08CE94 /* Project object */;
}
